{
  "name": "rollup-manualchunks-dynamic-import-issue",
  "requires": true,
  "lockfileVersion": 1,
  "dependencies": {
    "@types/estree": {
      "version": "0.0.39",
      "resolved": "https://registry.npmjs.org/@types/estree/-/estree-0.0.39.tgz",
      "integrity": "sha512-EYNwp3bU+98cpU4lAWYYL7Zz+2gryWH1qbdDTidVd6hkiR6weksdbMadyXKXNPEkQFhXM+hVO9ZygomHXp+AIw=="
    },
    "@types/node": {
      "version": "10.5.3",
      "resolved": "https://registry.npmjs.org/@types/node/-/node-10.5.3.tgz",
      "integrity": "sha512-jQ1p+SyF/z8ygPxfSPKZKMWazlCgTBSyIaC1UCUvkLHDdxdmPQtQFk02X4WFM31Z1BKMAS3MSAK0cRP2c92n6Q=="
    },
    "rollup": {
      "version": "0.63.4",
      "resolved": "https://registry.npmjs.org/rollup/-/rollup-0.63.4.tgz",
      "integrity": "sha512-IGTH7u0P6bmu7cXL0g11UDYTR9WKku70cYlqVyOYdqLoQopBGmCbGC3SMeheqHymnehHe/5yf6BJ6BEoxQBVTQ==",
      "requires": {
        "@types/estree": "0.0.39",
        "@types/node": "*"
      }
    }
  }
}
